
Microsoft Visual Studio Solution File, Format Version 12.00
# Visual Studio 2012
Project("{8BC9CEB8-8B4A-11D0-8D11-00A0C91BC942}") = "yunusyavuz_yavuz_yunus_hw5", "yunusyavuz_yavuz_yunus_hw5\yunusyavuz_yavuz_yunus_hw5.vcxproj", "{4D75A48B-C52B-436D-B94D-0CFDFF51633C}"
EndProject
Global
	GlobalSection(SolutionConfigurationPlatforms) = preSolution
		Debug|Win32 = Debug|Win32
		Release|Win32 = Release|Win32
	EndGlobalSection
	GlobalSection(ProjectConfigurationPlatforms) = postSolution
		{4D75A48B-C52B-436D-B94D-0CFDFF51633C}.Debug|Win32.ActiveCfg = Debug|Win32
		{4D75A48B-C52B-436D-B94D-0CFDFF51633C}.Debug|Win32.Build.0 = Debug|Win32
		{4D75A48B-C52B-436D-B94D-0CFDFF51633C}.Release|Win32.ActiveCfg = Release|Win32
		{4D75A48B-C52B-436D-B94D-0CFDFF51633C}.Release|Win32.Build.0 = Release|Win32
	EndGlobalSection
	GlobalSection(SolutionProperties) = preSolution
		HideSolutionNode = FALSE
	EndGlobalSection
EndGlobal
